
Microsoft Visual Studio Solution File, Format Version 12.00
# Visual Studio 15
VisualStudioVersion = 15.0.28307.2017
MinimumVisualStudioVersion = 10.0.40219.1
Project("{FAE04EC0-301F-11D3-BF4B-00C04F79EFBC}") = "SATAPIdemo", "SATAPIdemo\SATAPIdemo.csproj", "{AF4EE6F5-4DE1-491D-BF13-348C9791AED1}"
EndProject
Global
	GlobalSection(SolutionConfigurationPlatforms) = preSolution
		Debug|Any CPU = Debug|Any CPU
		Debug|x64 = Debug|x64
		Release|Any CPU = Release|Any CPU
		Release|x64 = Release|x64
	EndGlobalSection
	GlobalSection(ProjectConfigurationPlatforms) = postSolution
		{AF4EE6F5-4DE1-491D-BF13-348C9791AED1}.Debug|Any CPU.ActiveCfg = Debug|Any CPU
		{AF4EE6F5-4DE1-491D-BF13-348C9791AED1}.Debug|Any CPU.Build.0 = Debug|Any CPU
		{AF4EE6F5-4DE1-491D-BF13-348C9791AED1}.Debug|x64.ActiveCfg = Debug|x64
		{AF4EE6F5-4DE1-491D-BF13-348C9791AED1}.Debug|x64.Build.0 = Debug|x64
		{AF4EE6F5-4DE1-491D-BF13-348C9791AED1}.Release|Any CPU.ActiveCfg = Release|Any CPU
		{AF4EE6F5-4DE1-491D-BF13-348C9791AED1}.Release|Any CPU.Build.0 = Release|Any CPU
		{AF4EE6F5-4DE1-491D-BF13-348C9791AED1}.Release|x64.ActiveCfg = Release|x64
		{AF4EE6F5-4DE1-491D-BF13-348C9791AED1}.Release|x64.Build.0 = Release|x64
	EndGlobalSection
	GlobalSection(SolutionProperties) = preSolution
		HideSolutionNode = FALSE
	EndGlobalSection
	GlobalSection(ExtensibilityGlobals) = postSolution
		SolutionGuid = {7B4E32C5-7D10-493A-935C-B486617D4E48}
	EndGlobalSection
EndGlobal
